
Microsoft Visual Studio Solution File, Format Version 12.00
# Visual Studio 15
VisualStudioVersion = 15.0.27703.2047
MinimumVisualStudioVersion = 10.0.40219.1
Project("{9A19103F-16F7-4668-BE54-9A1E7A4F7556}") = "Q1_SumList", "Q1_SumList\Q1_SumList.csproj", "{39E6660E-22BD-45EE-8C7E-8D8CDBF00C7A}"
EndProject
Project("{9A19103F-16F7-4668-BE54-9A1E7A4F7556}") = "Q2_Medians", "Q2_Medians\Q2_Medians.csproj", "{EA41A29B-0E5D-422E-88C4-2432AE6A622C}"
EndProject
Project("{9A19103F-16F7-4668-BE54-9A1E7A4F7556}") = "DataGenerator", "DataGenerator\DataGenerator.csproj", "{B82FD672-11AE-4F16-832B-BB703CBAE2B1}"
EndProject
Project("{9A19103F-16F7-4668-BE54-9A1E7A4F7556}") = "Q1_SumList_Test", "Q1_SumList_Test\Q1_SumList_Test.csproj", "{7FDD4720-7A8A-47DA-A326-77BA280A8859}"
EndProject
Global
	GlobalSection(SolutionConfigurationPlatforms) = preSolution
		Debug|Any CPU = Debug|Any CPU
		Release|Any CPU = Release|Any CPU
	EndGlobalSection
	GlobalSection(ProjectConfigurationPlatforms) = postSolution
		{39E6660E-22BD-45EE-8C7E-8D8CDBF00C7A}.Debug|Any CPU.ActiveCfg = Debug|Any CPU
		{39E6660E-22BD-45EE-8C7E-8D8CDBF00C7A}.Debug|Any CPU.Build.0 = Debug|Any CPU
		{39E6660E-22BD-45EE-8C7E-8D8CDBF00C7A}.Release|Any CPU.ActiveCfg = Release|Any CPU
		{39E6660E-22BD-45EE-8C7E-8D8CDBF00C7A}.Release|Any CPU.Build.0 = Release|Any CPU
		{EA41A29B-0E5D-422E-88C4-2432AE6A622C}.Debug|Any CPU.ActiveCfg = Debug|Any CPU
		{EA41A29B-0E5D-422E-88C4-2432AE6A622C}.Debug|Any CPU.Build.0 = Debug|Any CPU
		{EA41A29B-0E5D-422E-88C4-2432AE6A622C}.Release|Any CPU.ActiveCfg = Release|Any CPU
		{EA41A29B-0E5D-422E-88C4-2432AE6A622C}.Release|Any CPU.Build.0 = Release|Any CPU
		{B82FD672-11AE-4F16-832B-BB703CBAE2B1}.Debug|Any CPU.ActiveCfg = Debug|Any CPU
		{B82FD672-11AE-4F16-832B-BB703CBAE2B1}.Debug|Any CPU.Build.0 = Debug|Any CPU
		{B82FD672-11AE-4F16-832B-BB703CBAE2B1}.Release|Any CPU.ActiveCfg = Release|Any CPU
		{B82FD672-11AE-4F16-832B-BB703CBAE2B1}.Release|Any CPU.Build.0 = Release|Any CPU
		{7FDD4720-7A8A-47DA-A326-77BA280A8859}.Debug|Any CPU.ActiveCfg = Debug|Any CPU
		{7FDD4720-7A8A-47DA-A326-77BA280A8859}.Debug|Any CPU.Build.0 = Debug|Any CPU
		{7FDD4720-7A8A-47DA-A326-77BA280A8859}.Release|Any CPU.ActiveCfg = Release|Any CPU
		{7FDD4720-7A8A-47DA-A326-77BA280A8859}.Release|Any CPU.Build.0 = Release|Any CPU
	EndGlobalSection
	GlobalSection(SolutionProperties) = preSolution
		HideSolutionNode = FALSE
	EndGlobalSection
	GlobalSection(ExtensibilityGlobals) = postSolution
		SolutionGuid = {6B29F39A-7B3D-4A52-BA4B-05CCEC144D0D}
	EndGlobalSection
EndGlobal
